dependencies:
- name: postgresql
  repository: https://charts.bitnami.com/bitnami
  version: 12.1.0
- name: vault
  repository: https://helm.releases.hashicorp.com
  version: 0.23.0
digest: sha256:f5d1b769f7c0a3bbab3229bf99c800fc1d90de2461815a91d3004fc2808ebf88
generated: "2025-10-15T10:49:33.529056+02:00"
