dependencies:
- name: postgresql
  repository: https://charts.bitnami.com/bitnami
  version: 18.0.15
- name: vault
  repository: https://helm.releases.hashicorp.com
  version: 0.31.0
digest: sha256:674f8bf7c3836d7e53ae10652362a49d6fdf2941c18da6cf30477477e104a455
generated: "2025-10-15T12:11:36.211542+02:00"
